
Microsoft Visual Studio Solution File, Format Version 12.00
# Visual Studio 15
VisualStudioVersion = 15.0.27130.2026
MinimumVisualStudioVersion = 10.0.40219.1
Project("{9A19103F-16F7-4668-BE54-9A1E7A4F7556}") = "Smoll.Api.Front", "Smoll.Api.Front\Smoll.Api.Front.csproj", "{3C8C3905-6214-433B-9802-479EA407F9B3}"
EndProject
Project("{9A19103F-16F7-4668-BE54-9A1E7A4F7556}") = "Smoll.Messages", "Smoll.Messages\Smoll.Messages.csproj", "{C56B5596-A65F-462D-96E1-474318F173BD}"
EndProject
Project("{9A19103F-16F7-4668-BE54-9A1E7A4F7556}") = "Smoll.Data", "Smoll.Data\Smoll.Data.csproj", "{A65352A4-7506-46C2-AE42-51170A1A4F8C}"
EndProject
Project("{9A19103F-16F7-4668-BE54-9A1E7A4F7556}") = "Smoll.Api.Back", "Smoll.Api.Back\Smoll.Api.Back.csproj", "{C0C36B20-F357-4A28-8F5B-A8C1CCDA62EC}"
EndProject
Project("{9A19103F-16F7-4668-BE54-9A1E7A4F7556}") = "Smoll.Api.Common", "Smoll.Api.Common\Smoll.Api.Common.csproj", "{E54ED06E-C29B-48B1-AFC0-35B951C24D69}"
EndProject
Project("{9A19103F-16F7-4668-BE54-9A1E7A4F7556}") = "Smoll.Data.Pgsql", "Smoll.Data.Pgsql\Smoll.Data.Pgsql.csproj", "{64E47DC5-663E-46EF-B4BC-1C79665782FA}"
EndProject
Project("{9A19103F-16F7-4668-BE54-9A1E7A4F7556}") = "Smoll.Data.Couch", "Smoll.Data.Couch\Smoll.Data.Couch.csproj", "{2EE0971A-63CC-4211-A747-56F948E79499}"
EndProject
Project("{9A19103F-16F7-4668-BE54-9A1E7A4F7556}") = "Smoll.Api.Back.Tests", "Smoll.Api.Back.Tests\Smoll.Api.Back.Tests.csproj", "{2E80B391-BA2C-47D1-AE63-C01A9126A07C}"
EndProject
Project("{9A19103F-16F7-4668-BE54-9A1E7A4F7556}") = "Smoll.Api.Front.Tests", "Smoll.Api.Front.Tests\Smoll.Api.Front.Tests.csproj", "{5C025CC3-2F41-4FDB-A879-05A589E53115}"
EndProject
Project("{9A19103F-16F7-4668-BE54-9A1E7A4F7556}") = "Smoll.Api.Common.Tests", "Smoll.Api.Common.Tests\Smoll.Api.Common.Tests.csproj", "{4A4C4136-EF90-41CE-9384-8BF09F95B043}"
EndProject
Project("{9A19103F-16F7-4668-BE54-9A1E7A4F7556}") = "Smoll.Api.Back.Client", "Smoll.Api.Back.Client\Smoll.Api.Back.Client.csproj", "{B78BFDF1-A1D3-4958-8D8F-26E28BC84061}"
EndProject
Project("{FAE04EC0-301F-11D3-BF4B-00C04F79EFBC}") = "Smoll.Clients.Back", "Smoll.Clients.Back\Smoll.Clients.Back.csproj", "{60310685-83DD-4CD4-B450-4E2FD90C9F2C}"
EndProject
Global
	GlobalSection(SolutionConfigurationPlatforms) = preSolution
		Debug|Any CPU = Debug|Any CPU
		Release|Any CPU = Release|Any CPU
	EndGlobalSection
	GlobalSection(ProjectConfigurationPlatforms) = postSolution
		{3C8C3905-6214-433B-9802-479EA407F9B3}.Debug|Any CPU.ActiveCfg = Debug|Any CPU
		{3C8C3905-6214-433B-9802-479EA407F9B3}.Debug|Any CPU.Build.0 = Debug|Any CPU
		{3C8C3905-6214-433B-9802-479EA407F9B3}.Release|Any CPU.ActiveCfg = Release|Any CPU
		{3C8C3905-6214-433B-9802-479EA407F9B3}.Release|Any CPU.Build.0 = Release|Any CPU
		{C56B5596-A65F-462D-96E1-474318F173BD}.Debug|Any CPU.ActiveCfg = Debug|Any CPU
		{C56B5596-A65F-462D-96E1-474318F173BD}.Debug|Any CPU.Build.0 = Debug|Any CPU
		{C56B5596-A65F-462D-96E1-474318F173BD}.Release|Any CPU.ActiveCfg = Release|Any CPU
		{C56B5596-A65F-462D-96E1-474318F173BD}.Release|Any CPU.Build.0 = Release|Any CPU
		{A65352A4-7506-46C2-AE42-51170A1A4F8C}.Debug|Any CPU.ActiveCfg = Debug|Any CPU
		{A65352A4-7506-46C2-AE42-51170A1A4F8C}.Debug|Any CPU.Build.0 = Debug|Any CPU
		{A65352A4-7506-46C2-AE42-51170A1A4F8C}.Release|Any CPU.ActiveCfg = Release|Any CPU
		{A65352A4-7506-46C2-AE42-51170A1A4F8C}.Release|Any CPU.Build.0 = Release|Any CPU
		{C0C36B20-F357-4A28-8F5B-A8C1CCDA62EC}.Debug|Any CPU.ActiveCfg = Debug|Any CPU
		{C0C36B20-F357-4A28-8F5B-A8C1CCDA62EC}.Debug|Any CPU.Build.0 = Debug|Any CPU
		{C0C36B20-F357-4A28-8F5B-A8C1CCDA62EC}.Release|Any CPU.ActiveCfg = Release|Any CPU
		{C0C36B20-F357-4A28-8F5B-A8C1CCDA62EC}.Release|Any CPU.Build.0 = Release|Any CPU
		{E54ED06E-C29B-48B1-AFC0-35B951C24D69}.Debug|Any CPU.ActiveCfg = Debug|Any CPU
		{E54ED06E-C29B-48B1-AFC0-35B951C24D69}.Debug|Any CPU.Build.0 = Debug|Any CPU
		{E54ED06E-C29B-48B1-AFC0-35B951C24D69}.Release|Any CPU.ActiveCfg = Release|Any CPU
		{E54ED06E-C29B-48B1-AFC0-35B951C24D69}.Release|Any CPU.Build.0 = Release|Any CPU
		{64E47DC5-663E-46EF-B4BC-1C79665782FA}.Debug|Any CPU.ActiveCfg = Debug|Any CPU
		{64E47DC5-663E-46EF-B4BC-1C79665782FA}.Debug|Any CPU.Build.0 = Debug|Any CPU
		{64E47DC5-663E-46EF-B4BC-1C79665782FA}.Release|Any CPU.ActiveCfg = Release|Any CPU
		{64E47DC5-663E-46EF-B4BC-1C79665782FA}.Release|Any CPU.Build.0 = Release|Any CPU
		{2EE0971A-63CC-4211-A747-56F948E79499}.Debug|Any CPU.ActiveCfg = Debug|Any CPU
		{2EE0971A-63CC-4211-A747-56F948E79499}.Debug|Any CPU.Build.0 = Debug|Any CPU
		{2EE0971A-63CC-4211-A747-56F948E79499}.Release|Any CPU.ActiveCfg = Release|Any CPU
		{2EE0971A-63CC-4211-A747-56F948E79499}.Release|Any CPU.Build.0 = Release|Any CPU
		{2E80B391-BA2C-47D1-AE63-C01A9126A07C}.Debug|Any CPU.ActiveCfg = Debug|Any CPU
		{2E80B391-BA2C-47D1-AE63-C01A9126A07C}.Debug|Any CPU.Build.0 = Debug|Any CPU
		{2E80B391-BA2C-47D1-AE63-C01A9126A07C}.Release|Any CPU.ActiveCfg = Release|Any CPU
		{2E80B391-BA2C-47D1-AE63-C01A9126A07C}.Release|Any CPU.Build.0 = Release|Any CPU
		{5C025CC3-2F41-4FDB-A879-05A589E53115}.Debug|Any CPU.ActiveCfg = Debug|Any CPU
		{5C025CC3-2F41-4FDB-A879-05A589E53115}.Debug|Any CPU.Build.0 = Debug|Any CPU
		{5C025CC3-2F41-4FDB-A879-05A589E53115}.Release|Any CPU.ActiveCfg = Release|Any CPU
		{5C025CC3-2F41-4FDB-A879-05A589E53115}.Release|Any CPU.Build.0 = Release|Any CPU
		{4A4C4136-EF90-41CE-9384-8BF09F95B043}.Debug|Any CPU.ActiveCfg = Debug|Any CPU
		{4A4C4136-EF90-41CE-9384-8BF09F95B043}.Debug|Any CPU.Build.0 = Debug|Any CPU
		{4A4C4136-EF90-41CE-9384-8BF09F95B043}.Release|Any CPU.ActiveCfg = Release|Any CPU
		{4A4C4136-EF90-41CE-9384-8BF09F95B043}.Release|Any CPU.Build.0 = Release|Any CPU
		{B78BFDF1-A1D3-4958-8D8F-26E28BC84061}.Debug|Any CPU.ActiveCfg = Debug|Any CPU
		{B78BFDF1-A1D3-4958-8D8F-26E28BC84061}.Debug|Any CPU.Build.0 = Debug|Any CPU
		{B78BFDF1-A1D3-4958-8D8F-26E28BC84061}.Release|Any CPU.ActiveCfg = Release|Any CPU
		{B78BFDF1-A1D3-4958-8D8F-26E28BC84061}.Release|Any CPU.Build.0 = Release|Any CPU
		{60310685-83DD-4CD4-B450-4E2FD90C9F2C}.Debug|Any CPU.ActiveCfg = Debug|Any CPU
		{60310685-83DD-4CD4-B450-4E2FD90C9F2C}.Debug|Any CPU.Build.0 = Debug|Any CPU
		{60310685-83DD-4CD4-B450-4E2FD90C9F2C}.Release|Any CPU.ActiveCfg = Release|Any CPU
		{60310685-83DD-4CD4-B450-4E2FD90C9F2C}.Release|Any CPU.Build.0 = Release|Any CPU
	EndGlobalSection
	GlobalSection(SolutionProperties) = preSolution
		HideSolutionNode = FALSE
	EndGlobalSection
	GlobalSection(ExtensibilityGlobals) = postSolution
		SolutionGuid = {A64EC7B0-4C4D-4CD1-9759-325128187EAA}
	EndGlobalSection
EndGlobal
